# This file is autogenerated, do not edit; changes may be undone by the next 'dep ensure'.


[[projects]]
  branch = "177-add-sockmap-support"
  digest = "1:06041960f4f7c786550ea43bc75ada92ac12c1df36776154a327f31cd79772a9"
  name = "github.com/dippynark/gobpf"
  packages = ["elf"]
  pruneopts = "N"
  revision = "44541a4f6c8eada7b8682a505707946f19e2acde"

[[projects]]
  branch = "master"
  digest = "1:5de9833d72874102ec6c4a29fd1499d7564517f2a2ee522b4e180fd3983051f7"
  name = "github.com/iovisor/gobpf"
  packages = [
    "pkg/bpffs",
    "pkg/cpuonline",
  ]
  pruneopts = "N"
  revision = "e0d8d785d368abfb47287693c4daa1c760e2b558"

[solve-meta]
  analyzer-name = "dep"
  analyzer-version = 1
  input-imports = ["github.com/dippynark/gobpf/elf"]
  solver-name = "gps-cdcl"
  solver-version = 1
